
Microsoft Visual Studio Solution File, Format Version 12.00
# Visual Studio Version 17
VisualStudioVersion = 17.4.33110.190
MinimumVisualStudioVersion = 10.0.40219.1
Project("{FAE04EC0-301F-11D3-BF4B-00C04F79EFBC}") = "ava-trainning", "ava-trainning\ava-trainning.csproj", "{CA744F4E-3953-4EB6-BBB7-1E54C307D66E}"
EndProject
Global
	GlobalSection(SolutionConfigurationPlatforms) = preSolution
		Debug|Any CPU = Debug|Any CPU
		Release|Any CPU = Release|Any CPU
	EndGlobalSection
	GlobalSection(ProjectConfigurationPlatforms) = postSolution
		{CA744F4E-3953-4EB6-BBB7-1E54C307D66E}.Debug|Any CPU.ActiveCfg = Debug|Any CPU
		{CA744F4E-3953-4EB6-BBB7-1E54C307D66E}.Debug|Any CPU.Build.0 = Debug|Any CPU
		{CA744F4E-3953-4EB6-BBB7-1E54C307D66E}.Release|Any CPU.ActiveCfg = Release|Any CPU
		{CA744F4E-3953-4EB6-BBB7-1E54C307D66E}.Release|Any CPU.Build.0 = Release|Any CPU
	EndGlobalSection
	GlobalSection(SolutionProperties) = preSolution
		HideSolutionNode = FALSE
	EndGlobalSection
	GlobalSection(ExtensibilityGlobals) = postSolution
		SolutionGuid = {1BFA8D65-6874-423B-ABB3-EA3E37E7B1CA}
	EndGlobalSection
EndGlobal
